// !$*UTF8*$!
{
	archiveVersion = 1;
	classes = {
	};
	objectVersion = 46;
	objects = {

/* Begin PBXBuildFile section */
		F1985587196E324B0061BBF9 /* Foundation.framework in Frameworks */ = {isa = PBXBuildFile; fileRef = F1985586196E324B0061BBF9 /* Foundation.framework */; };
		F1985589196E324B0061BBF9 /* CoreGraphics.framework in Frameworks */ = {isa = PBXBuildFile; fileRef = F1985588196E324B0061BBF9 /* CoreGraphics.framework */; };
		F198558B196E324B0061BBF9 /* UIKit.framework in Frameworks */ = {isa = PBXBuildFile; fileRef = F198558A196E324B0061BBF9 /* UIKit.framework */; };
		F1985591196E324B0061BBF9 /* InfoPlist.strings in Resources */ = {isa = PBXBuildFile; fileRef = F198558F196E324B0061BBF9 /* InfoPlist.strings */; };
		F1985593196E324B0061BBF9 /* main.m in Sources */ = {isa = PBXBuildFile; fileRef = F1985592196E324B0061BBF9 /* main.m */; };
		F1985597196E324B0061BBF9 /* PLAppDelegate.m in Sources */ = {isa = PBXBuildFile; fileRef = F1985596196E324B0061BBF9 /* PLAppDelegate.m */; };
		F198559A196E324B0061BBF9 /* Main_iPhone.storyboard in Resources */ = {isa = PBXBuildFile; fileRef = F1985598196E324B0061BBF9 /* Main_iPhone.storyboard */; };
		F198559D196E324B0061BBF9 /* Main_iPad.storyboard in Resources */ = {isa = PBXBuildFile; fileRef = F198559B196E324B0061BBF9 /* Main_iPad.storyboard */; };
		F19855A0196E324B0061BBF9 /* PLViewController.m in Sources */ = {isa = PBXBuildFile; fileRef = F198559F196E324B0061BBF9 /* PLViewController.m */; };
		F19855A2196E324B0061BBF9 /* Images.xcassets in Resources */ = {isa = PBXBuildFile; fileRef = F19855A1196E324B0061BBF9 /* Images.xcassets */; };
		F19855A9196E324B0061BBF9 /* XCTest.framework in Frameworks */ = {isa = PBXBuildFile; fileRef = F19855A8196E324B0061BBF9 /* XCTest.framework */; };
		F19855AA196E324B0061BBF9 /* Foundation.framework in Frameworks */ = {isa = PBXBuildFile; fileRef = F1985586196E324B0061BBF9 /* Foundation.framework */; };
		F19855AB196E324B0061BBF9 /* UIKit.framework in Frameworks */ = {isa = PBXBuildFile; fileRef = F198558A196E324B0061BBF9 /* UIKit.framework */; };
		F19855B3196E324B0061BBF9 /* InfoPlist.strings in Resources */ = {isa = PBXBuildFile; fileRef = F19855B1196E324B0061BBF9 /* InfoPlist.strings */; };
		F19855B5196E324B0061BBF9 /* vdcheckerTests.m in Sources */ = {isa = PBXBuildFile; fileRef = F19855B4196E324B0061BBF9 /* vdcheckerTests.m */; };
/* End PBXBuildFile section */

/* Begin PBXContainerItemProxy section */
		F19855AC196E324B0061BBF9 /* PBXContainerItemProxy */ = {
			isa = PBXContainerItemProxy;
			containerPortal = F198557B196E324B0061BBF9 /* Project object */;
			proxyType = 1;
			remoteGlobalIDString = F1985582196E324B0061BBF9;
			remoteInfo = vdchecker;
		};
/* End PBXContainerItemProxy section */

/* Begin PBXFileReference section */
		F1985583196E324B0061BBF9 /* vdchecker.app */ = {isa = PBXFileReference; explicitFileType = wrapper.application; includeInIndex = 0; path = vdchecker.app; sourceTree = BUILT_PRODUCTS_DIR; };
		F1985586196E324B0061BBF9 /* Foundation.framework */ = {isa = PBXFileReference; lastKnownFileType = wrapper.framework; name = Foundation.framework; path = System/Library/Frameworks/Foundation.framework; sourceTree = SDKROOT; };
		F1985588196E324B0061BBF9 /* CoreGraphics.framework */ = {isa = PBXFileReference; lastKnownFileType = wrapper.framework; name = CoreGraphics.framework; path = System/Library/Frameworks/CoreGraphics.framework; sourceTree = SDKROOT; };
		F198558A196E324B0061BBF9 /* UIKit.framework */ = {isa = PBXFileReference; lastKnownFileType = wrapper.framework; name = UIKit.framework; path = System/Library/Frameworks/UIKit.framework; sourceTree = SDKROOT; };
		F198558E196E324B0061BBF9 /* vdchecker-Info.plist */ = {isa = PBXFileReference; lastKnownFileType = text.plist.xml; path = "vdchecker-Info.plist"; sourceTree = "<group>"; };
		F1985590196E324B0061BBF9 /* en */ = {isa = PBXFileReference; lastKnownFileType = text.plist.strings; name = en; path = en.lproj/InfoPlist.strings; sourceTree = "<group>"; };
		F1985592196E324B0061BBF9 /* main.m */ = {isa = PBXFileReference; lastKnownFileType = sourcecode.c.objc; path = main.m; sourceTree = "<group>"; };
		F1985594196E324B0061BBF9 /* vdchecker-Prefix.pch */ = {isa = PBXFileReference; lastKnownFileType = sourcecode.c.h; path = "vdchecker-Prefix.pch"; sourceTree = "<group>"; };
		F1985595196E324B0061BBF9 /* PLAppDelegate.h */ = {isa = PBXFileReference; lastKnownFileType = sourcecode.c.h; path = PLAppDelegate.h; sourceTree = "<group>"; };
		F1985596196E324B0061BBF9 /* PLAppDelegate.m */ = {isa = PBXFileReference; lastKnownFileType = sourcecode.c.objc; path = PLAppDelegate.m; sourceTree = "<group>"; };
		F1985599196E324B0061BBF9 /* Base */ = {isa = PBXFileReference; lastKnownFileType = file.storyboard; name = Base; path = Base.lproj/Main_iPhone.storyboard; sourceTree = "<group>"; };
		F198559C196E324B0061BBF9 /* Base */ = {isa = PBXFileReference; lastKnownFileType = file.storyboard; name = Base; path = Base.lproj/Main_iPad.storyboard; sourceTree = "<group>"; };
		F198559E196E324B0061BBF9 /* PLViewController.h */ = {isa = PBXFileReference; lastKnownFileType = sourcecode.c.h; path = PLViewController.h; sourceTree = "<group>"; };
		F198559F196E324B0061BBF9 /* PLViewController.m */ = {isa = PBXFileReference; lastKnownFileType = sourcecode.c.objc; path = PLViewController.m; sourceTree = "<group>"; };
		F19855A1196E324B0061BBF9 /* Images.xcassets */ = {isa = PBXFileReference; lastKnownFileType = folder.assetcatalog; path = Images.xcassets; sourceTree = "<group>"; };
		F19855A7196E324B0061BBF9 /* vdcheckerTests.xctest */ = {isa = PBXFileReference; explicitFileType = wrapper.cfbundle; includeInIndex = 0; path = vdcheckerTests.xctest; sourceTree = BUILT_PRODUCTS_DIR; };
		F19855A8196E324B0061BBF9 /* XCTest.framework */ = {isa = PBXFileReference; lastKnownFileType = wrapper.framework; name = XCTest.framework; path = Library/Frameworks/XCTest.framework; sourceTree = DEVELOPER_DIR; };
		F19855B0196E324B0061BBF9 /* vdcheckerTests-Info.plist */ = {isa = PBXFileReference; lastKnownFileType = text.plist.xml; path = "vdcheckerTests-Info.plist"; sourceTree = "<group>"; };
		F19855B2196E324B0061BBF9 /* en */ = {isa = PBXFileReference; lastKnownFileType = text.plist.strings; name = en; path = en.lproj/InfoPlist.strings; sourceTree = "<group>"; };
		F19855B4196E324B0061BBF9 /* vdcheckerTests.m */ = {isa = PBXFileReference; lastKnownFileType = sourcecode.c.objc; path = vdcheckerTests.m; sourceTree = "<group>"; };
/* End PBXFileReference section */

/* Begin PBXFrameworksBuildPhase section */
		F1985580196E324B0061BBF9 /* Frameworks */ = {
			isa = PBXFrameworksBuildPhase;
			buildActionMask = 2147483647;
			files = (
				F1985589196E324B0061BBF9 /* CoreGraphics.framework in Frameworks */,
				F198558B196E324B0061BBF9 /* UIKit.framework in Frameworks */,
				F1985587196E324B0061BBF9 /* Foundation.framework in Frameworks */,
			);
			runOnlyForDeploymentPostprocessing = 0;
		};
		F19855A4196E324B0061BBF9 /* Frameworks */ = {
			isa = PBXFrameworksBuildPhase;
			buildActionMask = 2147483647;
			files = (
				F19855A9196E324B0061BBF9 /* XCTest.framework in Frameworks */,
				F19855AB196E324B0061BBF9 /* UIKit.framework in Frameworks */,
				F19855AA196E324B0061BBF9 /* Foundation.framework in Frameworks */,
			);
			runOnlyForDeploymentPostprocessing = 0;
		};
/* End PBXFrameworksBuildPhase section */

/* Begin PBXGroup section */
		F198557A196E324B0061BBF9 = {
			isa = PBXGroup;
			children = (
				F198558C196E324B0061BBF9 /* vdchecker */,
				F19855AE196E324B0061BBF9 /* vdcheckerTests */,
				F1985585196E324B0061BBF9 /* Frameworks */,
				F1985584196E324B0061BBF9 /* Products */,
			);
			sourceTree = "<group>";
		};
		F1985584196E324B0061BBF9 /* Products */ = {
			isa = PBXGroup;
			children = (
				F1985583196E324B0061BBF9 /* vdchecker.app */,
				F19855A7196E324B0061BBF9 /* vdcheckerTests.xctest */,
			);
			name = Products;
			sourceTree = "<group>";
		};
		F1985585196E324B0061BBF9 /* Frameworks */ = {
			isa = PBXGroup;
			children = (
				F1985586196E324B0061BBF9 /* Foundation.framework */,
				F1985588196E324B0061BBF9 /* CoreGraphics.framework */,
				F198558A196E324B0061BBF9 /* UIKit.framework */,
				F19855A8196E324B0061BBF9 /* XCTest.framework */,
			);
			name = Frameworks;
			sourceTree = "<group>";
		};
		F198558C196E324B0061BBF9 /* vdchecker */ = {
			isa = PBXGroup;
			children = (
				F1985595196E324B0061BBF9 /* PLAppDelegate.h */,
				F1985596196E324B0061BBF9 /* PLAppDelegate.m */,
				F1985598196E324B0061BBF9 /* Main_iPhone.storyboard */,
				F198559B196E324B0061BBF9 /* Main_iPad.storyboard */,
				F198559E196E324B0061BBF9 /* PLViewController.h */,
				F198559F196E324B0061BBF9 /* PLViewController.m */,
				F19855A1196E324B0061BBF9 /* Images.xcassets */,
				F198558D196E324B0061BBF9 /* Supporting Files */,
			);
			path = vdchecker;
			sourceTree = "<group>";
		};
		F198558D196E324B0061BBF9 /* Supporting Files */ = {
			isa = PBXGroup;
			children = (
				F198558E196E324B0061BBF9 /* vdchecker-Info.plist */,
				F198558F196E324B0061BBF9 /* InfoPlist.strings */,
				F1985592196E324B0061BBF9 /* main.m */,
				F1985594196E324B0061BBF9 /* vdchecker-Prefix.pch */,
			);
			name = "Supporting Files";
			sourceTree = "<group>";
		};
		F19855AE196E324B0061BBF9 /* vdcheckerTests */ = {
			isa = PBXGroup;
			children = (
				F19855B4196E324B0061BBF9 /* vdcheckerTests.m */,
				F19855AF196E324B0061BBF9 /* Supporting Files */,
			);
			path = vdcheckerTests;
			sourceTree = "<group>";
		};
		F19855AF196E324B0061BBF9 /* Supporting Files */ = {
			isa = PBXGroup;
			children = (
				F19855B0196E324B0061BBF9 /* vdcheckerTests-Info.plist */,
				F19855B1196E324B0061BBF9 /* InfoPlist.strings */,
			);
			name = "Supporting Files";
			sourceTree = "<group>";
		};
/* End PBXGroup section */

/* Begin PBXNativeTarget section */
		F1985582196E324B0061BBF9 /* vdchecker */ = {
			isa = PBXNativeTarget;
			buildConfigurationList = F19855B8196E324B0061BBF9 /* Build configuration list for PBXNativeTarget "vdchecker" */;
			buildPhases = (
				F198557F196E324B0061BBF9 /* Sources */,
				F1985580196E324B0061BBF9 /* Frameworks */,
				F1985581196E324B0061BBF9 /* Resources */,
			);
			buildRules = (
			);
			dependencies = (
			);
			name = vdchecker;
			productName = vdchecker;
			productReference = F1985583196E324B0061BBF9 /* vdchecker.app */;
			productType = "com.apple.product-type.application";
		};
		F19855A6196E324B0061BBF9 /* vdcheckerTests */ = {
			isa = PBXNativeTarget;
			buildConfigurationList = F19855BB196E324B0061BBF9 /* Build configuration list for PBXNativeTarget "vdcheckerTests" */;
			buildPhases = (
				F19855A3196E324B0061BBF9 /* Sources */,
				F19855A4196E324B0061BBF9 /* Frameworks */,
				F19855A5196E324B0061BBF9 /* Resources */,
			);
			buildRules = (
			);
			dependencies = (
				F19855AD196E324B0061BBF9 /* PBXTargetDependency */,
			);
			name = vdcheckerTests;
			productName = vdcheckerTests;
			productReference = F19855A7196E324B0061BBF9 /* vdcheckerTests.xctest */;
			productType = "com.apple.product-type.bundle.unit-test";
		};
/* End PBXNativeTarget section */

/* Begin PBXProject section */
		F198557B196E324B0061BBF9 /* Project object */ = {
			isa = PBXProject;
			attributes = {
				CLASSPREFIX = PL;
				LastUpgradeCheck = 0510;
				ORGANIZATIONNAME = jgoplay;
				TargetAttributes = {
					F19855A6196E324B0061BBF9 = {
						TestTargetID = F1985582196E324B0061BBF9;
					};
				};
			};
			buildConfigurationList = F198557E196E324B0061BBF9 /* Build configuration list for PBXProject "vdchecker" */;
			compatibilityVersion = "Xcode 3.2";
			developmentRegion = English;
			hasScannedForEncodings = 0;
			knownRegions = (
				en,
				Base,
			);
			mainGroup = F198557A196E324B0061BBF9;
			productRefGroup = F1985584196E324B0061BBF9 /* Products */;
			projectDirPath = "";
			projectRoot = "";
			targets = (
				F1985582196E324B0061BBF9 /* vdchecker */,
				F19855A6196E324B0061BBF9 /* vdcheckerTests */,
			);
		};
/* End PBXProject section */

/* Begin PBXResourcesBuildPhase section */
		F1985581196E324B0061BBF9 /* Resources */ = {
			isa = PBXResourcesBuildPhase;
			buildActionMask = 2147483647;
			files = (
				F198559D196E324B0061BBF9 /* Main_iPad.storyboard in Resources */,
				F19855A2196E324B0061BBF9 /* Images.xcassets in Resources */,
				F198559A196E324B0061BBF9 /* Main_iPhone.storyboard in Resources */,
				F1985591196E324B0061BBF9 /* InfoPlist.strings in Resources */,
			);
			runOnlyForDeploymentPostprocessing = 0;
		};
		F19855A5196E324B0061BBF9 /* Resources */ = {
			isa = PBXResourcesBuildPhase;
			buildActionMask = 2147483647;
			files = (
				F19855B3196E324B0061BBF9 /* InfoPlist.strings in Resources */,
			);
			runOnlyForDeploymentPostprocessing = 0;
		};
/* End PBXResourcesBuildPhase section */

/* Begin PBXSourcesBuildPhase section */
		F198557F196E324B0061BBF9 /* Sources */ = {
			isa = PBXSourcesBuildPhase;
			buildActionMask = 2147483647;
			files = (
				F1985597196E324B0061BBF9 /* PLAppDelegate.m in Sources */,
				F19855A0196E324B0061BBF9 /* PLViewController.m in Sources */,
				F1985593196E324B0061BBF9 /* main.m in Sources */,
			);
			runOnlyForDeploymentPostprocessing = 0;
		};
		F19855A3196E324B0061BBF9 /* Sources */ = {
			isa = PBXSourcesBuildPhase;
			buildActionMask = 2147483647;
			files = (
				F19855B5196E324B0061BBF9 /* vdcheckerTests.m in Sources */,
			);
			runOnlyForDeploymentPostprocessing = 0;
		};
/* End PBXSourcesBuildPhase section */

/* Begin PBXTargetDependency section */
		F19855AD196E324B0061BBF9 /* PBXTargetDependency */ = {
			isa = PBXTargetDependency;
			target = F1985582196E324B0061BBF9 /* vdchecker */;
			targetProxy = F19855AC196E324B0061BBF9 /* PBXContainerItemProxy */;
		};
/* End PBXTargetDependency section */

/* Begin PBXVariantGroup section */
		F198558F196E324B0061BBF9 /* InfoPlist.strings */ = {
			isa = PBXVariantGroup;
			children = (
				F1985590196E324B0061BBF9 /* en */,
			);
			name = InfoPlist.strings;
			sourceTree = "<group>";
		};
		F1985598196E324B0061BBF9 /* Main_iPhone.storyboard */ = {
			isa = PBXVariantGroup;
			children = (
				F1985599196E324B0061BBF9 /* Base */,
			);
			name = Main_iPhone.storyboard;
			sourceTree = "<group>";
		};
		F198559B196E324B0061BBF9 /* Main_iPad.storyboard */ = {
			isa = PBXVariantGroup;
			children = (
				F198559C196E324B0061BBF9 /* Base */,
			);
			name = Main_iPad.storyboard;
			sourceTree = "<group>";
		};
		F19855B1196E324B0061BBF9 /* InfoPlist.strings */ = {
			isa = PBXVariantGroup;
			children = (
				F19855B2196E324B0061BBF9 /* en */,
			);
			name = InfoPlist.strings;
			sourceTree = "<group>";
		};
/* End PBXVariantGroup section */

/* Begin XCBuildConfiguration section */
		F19855B6196E324B0061BBF9 /* Debug */ = {
			isa = XCBuildConfiguration;
			buildSettings = {
				ALWAYS_SEARCH_USER_PATHS = NO;
				CLANG_CXX_LANGUAGE_STANDARD = "gnu++0x";
				CLANG_CXX_LIBRARY = "libc++";
				CLANG_ENABLE_MODULES = YES;
				CLANG_ENABLE_OBJC_ARC = YES;
				CLANG_WARN_BOOL_CONVERSION = YES;
				CLANG_WARN_CONSTANT_CONVERSION = YES;
				CLANG_WARN_DIRECT_OBJC_ISA_USAGE = YES_ERROR;
				CLANG_WARN_EMPTY_BODY = YES;
				CLANG_WARN_ENUM_CONVERSION = YES;
				CLANG_WARN_INT_CONVERSION = YES;
				CLANG_WARN_OBJC_ROOT_CLASS = YES_ERROR;
				CLANG_WARN__DUPLICATE_METHOD_MATCH = YES;
				"CODE_SIGN_IDENTITY[sdk=iphoneos*]" = "iPhone Developer";
				COPY_PHASE_STRIP = NO;
				GCC_C_LANGUAGE_STANDARD = gnu99;
				GCC_DYNAMIC_NO_PIC = NO;
				GCC_OPTIMIZATION_LEVEL = 0;
				GCC_PREPROCESSOR_DEFINITIONS = (
					"DEBUG=1",
					"$(inherited)",
				);
				GCC_SYMBOLS_PRIVATE_EXTERN = NO;
				GCC_WARN_64_TO_32_BIT_CONVERSION = YES;
				GCC_WARN_ABOUT_RETURN_TYPE = YES_ERROR;
				GCC_WARN_UNDECLARED_SELECTOR = YES;
				GCC_WARN_UNINITIALIZED_AUTOS = YES_AGGRESSIVE;
				GCC_WARN_UNUSED_FUNCTION = YES;
				GCC_WARN_UNUSED_VARIABLE = YES;
				IPHONEOS_DEPLOYMENT_TARGET = 7.1;
				ONLY_ACTIVE_ARCH = YES;
				SDKROOT = iphoneos;
				TARGETED_DEVICE_FAMILY = "1,2";
			};
			name = Debug;
		};
		F19855B7196E324B0061BBF9 /* Release */ = {
			isa = XCBuildConfiguration;
			buildSettings = {
				ALWAYS_SEARCH_USER_PATHS = NO;
				CLANG_CXX_LANGUAGE_STANDARD = "gnu++0x";
				CLANG_CXX_LIBRARY = "libc++";
				CLANG_ENABLE_MODULES = YES;
				CLANG_ENABLE_OBJC_ARC = YES;
				CLANG_WARN_BOOL_CONVERSION = YES;
				CLANG_WARN_CONSTANT_CONVERSION = YES;
				CLANG_WARN_DIRECT_OBJC_ISA_USAGE = YES_ERROR;
				CLANG_WARN_EMPTY_BODY = YES;
				CLANG_WARN_ENUM_CONVERSION = YES;
				CLANG_WARN_INT_CONVERSION = YES;
				CLANG_WARN_OBJC_ROOT_CLASS = YES_ERROR;
				CLANG_WARN__DUPLICATE_METHOD_MATCH = YES;
				"CODE_SIGN_IDENTITY[sdk=iphoneos*]" = "iPhone Developer";
				COPY_PHASE_STRIP = YES;
				ENABLE_NS_ASSERTIONS = NO;
				GCC_C_LANGUAGE_STANDARD = gnu99;
				GCC_WARN_64_TO_32_BIT_CONVERSION = YES;
				GCC_WARN_ABOUT_RETURN_TYPE = YES_ERROR;
				GCC_WARN_UNDECLARED_SELECTOR = YES;
				GCC_WARN_UNINITIALIZED_AUTOS = YES_AGGRESSIVE;
				GCC_WARN_UNUSED_FUNCTION = YES;
				GCC_WARN_UNUSED_VARIABLE = YES;
				IPHONEOS_DEPLOYMENT_TARGET = 7.1;
				SDKROOT = iphoneos;
				TARGETED_DEVICE_FAMILY = "1,2";
				VALIDATE_PRODUCT = YES;
			};
			name = Release;
		};
		F19855B9196E324B0061BBF9 /* Debug */ = {
			isa = XCBuildConfiguration;
			buildSettings = {
				ASSETCATALOG_COMPILER_APPICON_NAME = AppIcon;
				ASSETCATALOG_COMPILER_LAUNCHIMAGE_NAME = LaunchImage;
				GCC_PRECOMPILE_PREFIX_HEADER = YES;
				GCC_PREFIX_HEADER = "vdchecker/vdchecker-Prefix.pch";
				INFOPLIST_FILE = "vdchecker/vdchecker-Info.plist";
				PRODUCT_NAME = "$(TARGET_NAME)";
				WRAPPER_EXTENSION = app;
			};
			name = Debug;
		};
		F19855BA196E324B0061BBF9 /* Release */ = {
			isa = XCBuildConfiguration;
			buildSettings = {
				ASSETCATALOG_COMPILER_APPICON_NAME = AppIcon;
				ASSETCATALOG_COMPILER_LAUNCHIMAGE_NAME = LaunchImage;
				GCC_PRECOMPILE_PREFIX_HEADER = YES;
				GCC_PREFIX_HEADER = "vdchecker/vdchecker-Prefix.pch";
				INFOPLIST_FILE = "vdchecker/vdchecker-Info.plist";
				PRODUCT_NAME = "$(TARGET_NAME)";
				WRAPPER_EXTENSION = app;
			};
			name = Release;
		};
		F19855BC196E324B0061BBF9 /* Debug */ = {
			isa = XCBuildConfiguration;
			buildSettings = {
				BUNDLE_LOADER = "$(BUILT_PRODUCTS_DIR)/vdchecker.app/vdchecker";
				FRAMEWORK_SEARCH_PATHS = (
					"$(SDKROOT)/Developer/Library/Frameworks",
					"$(inherited)",
					"$(DEVELOPER_FRAMEWORKS_DIR)",
				);
				GCC_PRECOMPILE_PREFIX_HEADER = YES;
				GCC_PREFIX_HEADER = "vdchecker/vdchecker-Prefix.pch";
				GCC_PREPROCESSOR_DEFINITIONS = (
					"DEBUG=1",
					"$(inherited)",
				);
				INFOPLIST_FILE = "vdcheckerTests/vdcheckerTests-Info.plist";
				PRODUCT_NAME = "$(TARGET_NAME)";
				TEST_HOST = "$(BUNDLE_LOADER)";
				WRAPPER_EXTENSION = xctest;
			};
			name = Debug;
		};
		F19855BD196E324B0061BBF9 /* Release */ = {
			isa = XCBuildConfiguration;
			buildSettings = {
				BUNDLE_LOADER = "$(BUILT_PRODUCTS_DIR)/vdchecker.app/vdchecker";
				FRAMEWORK_SEARCH_PATHS = (
					"$(SDKROOT)/Developer/Library/Frameworks",
					"$(inherited)",
					"$(DEVELOPER_FRAMEWORKS_DIR)",
				);
				GCC_PRECOMPILE_PREFIX_HEADER = YES;
				GCC_PREFIX_HEADER = "vdchecker/vdchecker-Prefix.pch";
				INFOPLIST_FILE = "vdcheckerTests/vdcheckerTests-Info.plist";
				PRODUCT_NAME = "$(TARGET_NAME)";
				TEST_HOST = "$(BUNDLE_LOADER)";
				WRAPPER_EXTENSION = xctest;
			};
			name = Release;
		};
/* End XCBuildConfiguration section */

/* Begin XCConfigurationList section */
		F198557E196E324B0061BBF9 /* Build configuration list for PBXProject "vdchecker" */ = {
			isa = XCConfigurationList;
			buildConfigurations = (
				F19855B6196E324B0061BBF9 /* Debug */,
				F19855B7196E324B0061BBF9 /* Release */,
			);
			defaultConfigurationIsVisible = 0;
			defaultConfigurationName = Release;
		};
		F19855B8196E324B0061BBF9 /* Build configuration list for PBXNativeTarget "vdchecker" */ = {
			isa = XCConfigurationList;
			buildConfigurations = (
				F19855B9196E324B0061BBF9 /* Debug */,
				F19855BA196E324B0061BBF9 /* Release */,
			);
			defaultConfigurationIsVisible = 0;
		};
		F19855BB196E324B0061BBF9 /* Build configuration list for PBXNativeTarget "vdcheckerTests" */ = {
			isa = XCConfigurationList;
			buildConfigurations = (
				F19855BC196E324B0061BBF9 /* Debug */,
				F19855BD196E324B0061BBF9 /* Release */,
			);
			defaultConfigurationIsVisible = 0;
		};
/* End XCConfigurationList section */
	};
	rootObject = F198557B196E324B0061BBF9 /* Project object */;
}
