// !$*UTF8*$!
{
	archiveVersion = 1;
	classes = {
	};
	objectVersion = 46;
	objects = {

/* Begin PBXBuildFile section */
		F138A0AE19734AAB0022F7DE /* ill_Info in Resources */ = {isa = PBXBuildFile; fileRef = F138A0AD19734AAB0022F7DE /* ill_Info */; };
		F138A0B119734F000022F7DE /* top.png in Resources */ = {isa = PBXBuildFile; fileRef = F138A0B019734F000022F7DE /* top.png */; };
		F138A0B51973519E0022F7DE /* PageContentViewController.m in Sources */ = {isa = PBXBuildFile; fileRef = F138A0B41973519E0022F7DE /* PageContentViewController.m */; };
		F138A0BA1973534A0022F7DE /* top_1.png in Resources */ = {isa = PBXBuildFile; fileRef = F138A0B61973534A0022F7DE /* top_1.png */; };
		F138A0BB1973534A0022F7DE /* top_2.png in Resources */ = {isa = PBXBuildFile; fileRef = F138A0B71973534A0022F7DE /* top_2.png */; };
		F138A0BC1973534A0022F7DE /* top_3.png in Resources */ = {isa = PBXBuildFile; fileRef = F138A0B81973534A0022F7DE /* top_3.png */; };
		F138A0BD1973534A0022F7DE /* top_4.png in Resources */ = {isa = PBXBuildFile; fileRef = F138A0B91973534A0022F7DE /* top_4.png */; };
		F1985F5A1972231400277585 /* Foundation.framework in Frameworks */ = {isa = PBXBuildFile; fileRef = F1985F591972231400277585 /* Foundation.framework */; };
		F1985F5C1972231500277585 /* CoreGraphics.framework in Frameworks */ = {isa = PBXBuildFile; fileRef = F1985F5B1972231500277585 /* CoreGraphics.framework */; };
		F1985F5E1972231500277585 /* UIKit.framework in Frameworks */ = {isa = PBXBuildFile; fileRef = F1985F5D1972231500277585 /* UIKit.framework */; };
		F1985F641972231500277585 /* InfoPlist.strings in Resources */ = {isa = PBXBuildFile; fileRef = F1985F621972231500277585 /* InfoPlist.strings */; };
		F1985F661972231500277585 /* main.m in Sources */ = {isa = PBXBuildFile; fileRef = F1985F651972231500277585 /* main.m */; };
		F1985F6A1972231500277585 /* PLAppDelegate.m in Sources */ = {isa = PBXBuildFile; fileRef = F1985F691972231500277585 /* PLAppDelegate.m */; };
		F1985F6D1972231500277585 /* Main_iPhone.storyboard in Resources */ = {isa = PBXBuildFile; fileRef = F1985F6B1972231500277585 /* Main_iPhone.storyboard */; };
		F1985F701972231500277585 /* Main_iPad.storyboard in Resources */ = {isa = PBXBuildFile; fileRef = F1985F6E1972231500277585 /* Main_iPad.storyboard */; };
		F1985F731972231500277585 /* PLViewController.m in Sources */ = {isa = PBXBuildFile; fileRef = F1985F721972231500277585 /* PLViewController.m */; };
		F1985F751972231500277585 /* Images.xcassets in Resources */ = {isa = PBXBuildFile; fileRef = F1985F741972231500277585 /* Images.xcassets */; };
		F1985F7C1972231500277585 /* XCTest.framework in Frameworks */ = {isa = PBXBuildFile; fileRef = F1985F7B1972231500277585 /* XCTest.framework */; };
		F1985F7D1972231500277585 /* Foundation.framework in Frameworks */ = {isa = PBXBuildFile; fileRef = F1985F591972231400277585 /* Foundation.framework */; };
		F1985F7E1972231500277585 /* UIKit.framework in Frameworks */ = {isa = PBXBuildFile; fileRef = F1985F5D1972231500277585 /* UIKit.framework */; };
		F1985F861972231500277585 /* InfoPlist.strings in Resources */ = {isa = PBXBuildFile; fileRef = F1985F841972231500277585 /* InfoPlist.strings */; };
		F1985F881972231500277585 /* vdcheckerTests.m in Sources */ = {isa = PBXBuildFile; fileRef = F1985F871972231500277585 /* vdcheckerTests.m */; };
		F1985F941972235600277585 /* PageScrap.php in Resources */ = {isa = PBXBuildFile; fileRef = F1985F921972235600277585 /* PageScrap.php */; };
		F1985F951972235600277585 /* RemoteInfo in Resources */ = {isa = PBXBuildFile; fileRef = F1985F931972235600277585 /* RemoteInfo */; };
/* End PBXBuildFile section */

/* Begin PBXContainerItemProxy section */
		F1985F7F1972231500277585 /* PBXContainerItemProxy */ = {
			isa = PBXContainerItemProxy;
			containerPortal = F1985F4E1972231400277585 /* Project object */;
			proxyType = 1;
			remoteGlobalIDString = F1985F551972231400277585;
			remoteInfo = vdchecker;
		};
/* End PBXContainerItemProxy section */

/* Begin PBXFileReference section */
		F138A0AD19734AAB0022F7DE /* ill_Info */ = {isa = PBXFileReference; fileEncoding = 4; lastKnownFileType = text; name = ill_Info; path = "Json Files/ill_Info"; sourceTree = SOURCE_ROOT; };
		F138A0B019734F000022F7DE /* top.png */ = {isa = PBXFileReference; lastKnownFileType = image.png; name = top.png; path = Images/top.png; sourceTree = "<group>"; };
		F138A0B31973519E0022F7DE /* PageContentViewController.h */ = {isa = PBXFileReference; fileEncoding = 4; lastKnownFileType = sourcecode.c.h; name = PageContentViewController.h; path = ViewControllers/PageContentViewController.h; sourceTree = "<group>"; };
		F138A0B41973519E0022F7DE /* PageContentViewController.m */ = {isa = PBXFileReference; fileEncoding = 4; lastKnownFileType = sourcecode.c.objc; name = PageContentViewController.m; path = ViewControllers/PageContentViewController.m; sourceTree = "<group>"; };
		F138A0B61973534A0022F7DE /* top_1.png */ = {isa = PBXFileReference; lastKnownFileType = image.png; name = top_1.png; path = Images/top_1.png; sourceTree = "<group>"; };
		F138A0B71973534A0022F7DE /* top_2.png */ = {isa = PBXFileReference; lastKnownFileType = image.png; name = top_2.png; path = Images/top_2.png; sourceTree = "<group>"; };
		F138A0B81973534A0022F7DE /* top_3.png */ = {isa = PBXFileReference; lastKnownFileType = image.png; name = top_3.png; path = Images/top_3.png; sourceTree = "<group>"; };
		F138A0B91973534A0022F7DE /* top_4.png */ = {isa = PBXFileReference; lastKnownFileType = image.png; name = top_4.png; path = Images/top_4.png; sourceTree = "<group>"; };
		F1985F561972231400277585 /* vdchecker.app */ = {isa = PBXFileReference; explicitFileType = wrapper.application; includeInIndex = 0; path = vdchecker.app; sourceTree = BUILT_PRODUCTS_DIR; };
		F1985F591972231400277585 /* Foundation.framework */ = {isa = PBXFileReference; lastKnownFileType = wrapper.framework; name = Foundation.framework; path = System/Library/Frameworks/Foundation.framework; sourceTree = SDKROOT; };
		F1985F5B1972231500277585 /* CoreGraphics.framework */ = {isa = PBXFileReference; lastKnownFileType = wrapper.framework; name = CoreGraphics.framework; path = System/Library/Frameworks/CoreGraphics.framework; sourceTree = SDKROOT; };
		F1985F5D1972231500277585 /* UIKit.framework */ = {isa = PBXFileReference; lastKnownFileType = wrapper.framework; name = UIKit.framework; path = System/Library/Frameworks/UIKit.framework; sourceTree = SDKROOT; };
		F1985F611972231500277585 /* vdchecker-Info.plist */ = {isa = PBXFileReference; lastKnownFileType = text.plist.xml; path = "vdchecker-Info.plist"; sourceTree = "<group>"; };
		F1985F631972231500277585 /* en */ = {isa = PBXFileReference; lastKnownFileType = text.plist.strings; name = en; path = en.lproj/InfoPlist.strings; sourceTree = "<group>"; };
		F1985F651972231500277585 /* main.m */ = {isa = PBXFileReference; lastKnownFileType = sourcecode.c.objc; path = main.m; sourceTree = "<group>"; };
		F1985F671972231500277585 /* vdchecker-Prefix.pch */ = {isa = PBXFileReference; lastKnownFileType = sourcecode.c.h; path = "vdchecker-Prefix.pch"; sourceTree = "<group>"; };
		F1985F681972231500277585 /* PLAppDelegate.h */ = {isa = PBXFileReference; lastKnownFileType = sourcecode.c.h; path = PLAppDelegate.h; sourceTree = "<group>"; };
		F1985F691972231500277585 /* PLAppDelegate.m */ = {isa = PBXFileReference; lastKnownFileType = sourcecode.c.objc; path = PLAppDelegate.m; sourceTree = "<group>"; };
		F1985F6C1972231500277585 /* Base */ = {isa = PBXFileReference; lastKnownFileType = file.storyboard; name = Base; path = Base.lproj/Main_iPhone.storyboard; sourceTree = "<group>"; };
		F1985F6F1972231500277585 /* Base */ = {isa = PBXFileReference; lastKnownFileType = file.storyboard; name = Base; path = Base.lproj/Main_iPad.storyboard; sourceTree = "<group>"; };
		F1985F711972231500277585 /* PLViewController.h */ = {isa = PBXFileReference; lastKnownFileType = sourcecode.c.h; path = PLViewController.h; sourceTree = "<group>"; };
		F1985F721972231500277585 /* PLViewController.m */ = {isa = PBXFileReference; lastKnownFileType = sourcecode.c.objc; path = PLViewController.m; sourceTree = "<group>"; };
		F1985F741972231500277585 /* Images.xcassets */ = {isa = PBXFileReference; lastKnownFileType = folder.assetcatalog; path = Images.xcassets; sourceTree = "<group>"; };
		F1985F7A1972231500277585 /* vdcheckerTests.xctest */ = {isa = PBXFileReference; explicitFileType = wrapper.cfbundle; includeInIndex = 0; path = vdcheckerTests.xctest; sourceTree = BUILT_PRODUCTS_DIR; };
		F1985F7B1972231500277585 /* XCTest.framework */ = {isa = PBXFileReference; lastKnownFileType = wrapper.framework; name = XCTest.framework; path = Library/Frameworks/XCTest.framework; sourceTree = DEVELOPER_DIR; };
		F1985F831972231500277585 /* vdcheckerTests-Info.plist */ = {isa = PBXFileReference; lastKnownFileType = text.plist.xml; path = "vdcheckerTests-Info.plist"; sourceTree = "<group>"; };
		F1985F851972231500277585 /* en */ = {isa = PBXFileReference; lastKnownFileType = text.plist.strings; name = en; path = en.lproj/InfoPlist.strings; sourceTree = "<group>"; };
		F1985F871972231500277585 /* vdcheckerTests.m */ = {isa = PBXFileReference; lastKnownFileType = sourcecode.c.objc; path = vdcheckerTests.m; sourceTree = "<group>"; };
		F1985F921972235600277585 /* PageScrap.php */ = {isa = PBXFileReference; fileEncoding = 4; lastKnownFileType = text.script.php; name = PageScrap.php; path = "Site Files/PageScrap.php"; sourceTree = SOURCE_ROOT; };
		F1985F931972235600277585 /* RemoteInfo */ = {isa = PBXFileReference; fileEncoding = 4; lastKnownFileType = text; name = RemoteInfo; path = "Site Files/RemoteInfo"; sourceTree = SOURCE_ROOT; };
/* End PBXFileReference section */

/* Begin PBXFrameworksBuildPhase section */
		F1985F531972231400277585 /* Frameworks */ = {
			isa = PBXFrameworksBuildPhase;
			buildActionMask = 2147483647;
			files = (
				F1985F5C1972231500277585 /* CoreGraphics.framework in Frameworks */,
				F1985F5E1972231500277585 /* UIKit.framework in Frameworks */,
				F1985F5A1972231400277585 /* Foundation.framework in Frameworks */,
			);
			runOnlyForDeploymentPostprocessing = 0;
		};
		F1985F771972231500277585 /* Frameworks */ = {
			isa = PBXFrameworksBuildPhase;
			buildActionMask = 2147483647;
			files = (
				F1985F7C1972231500277585 /* XCTest.framework in Frameworks */,
				F1985F7E1972231500277585 /* UIKit.framework in Frameworks */,
				F1985F7D1972231500277585 /* Foundation.framework in Frameworks */,
			);
			runOnlyForDeploymentPostprocessing = 0;
		};
/* End PBXFrameworksBuildPhase section */

/* Begin PBXGroup section */
		F138A0A9197345FD0022F7DE /* Swift Files */ = {
			isa = PBXGroup;
			children = (
			);
			name = "Swift Files";
			sourceTree = "<group>";
		};
		F138A0AA1973470B0022F7DE /* Json Files */ = {
			isa = PBXGroup;
			children = (
				F138A0AD19734AAB0022F7DE /* ill_Info */,
			);
			name = "Json Files";
			sourceTree = "<group>";
		};
		F138A0AF19734E050022F7DE /* Images Files */ = {
			isa = PBXGroup;
			children = (
				F138A0B61973534A0022F7DE /* top_1.png */,
				F138A0B71973534A0022F7DE /* top_2.png */,
				F138A0B81973534A0022F7DE /* top_3.png */,
				F138A0B91973534A0022F7DE /* top_4.png */,
				F138A0B019734F000022F7DE /* top.png */,
			);
			name = "Images Files";
			sourceTree = "<group>";
		};
		F138A0B21973514F0022F7DE /* ViewControllers */ = {
			isa = PBXGroup;
			children = (
				F138A0B31973519E0022F7DE /* PageContentViewController.h */,
				F138A0B41973519E0022F7DE /* PageContentViewController.m */,
			);
			name = ViewControllers;
			sourceTree = "<group>";
		};
		F1985F4D1972231400277585 = {
			isa = PBXGroup;
			children = (
				F1985F5F1972231500277585 /* vdchecker */,
				F1985F811972231500277585 /* vdcheckerTests */,
				F1985F581972231400277585 /* Frameworks */,
				F1985F571972231400277585 /* Products */,
			);
			sourceTree = "<group>";
		};
		F1985F571972231400277585 /* Products */ = {
			isa = PBXGroup;
			children = (
				F1985F561972231400277585 /* vdchecker.app */,
				F1985F7A1972231500277585 /* vdcheckerTests.xctest */,
			);
			name = Products;
			sourceTree = "<group>";
		};
		F1985F581972231400277585 /* Frameworks */ = {
			isa = PBXGroup;
			children = (
				F1985F591972231400277585 /* Foundation.framework */,
				F1985F5B1972231500277585 /* CoreGraphics.framework */,
				F1985F5D1972231500277585 /* UIKit.framework */,
				F1985F7B1972231500277585 /* XCTest.framework */,
			);
			name = Frameworks;
			sourceTree = "<group>";
		};
		F1985F5F1972231500277585 /* vdchecker */ = {
			isa = PBXGroup;
			children = (
				F1985F911972234300277585 /* Site Files */,
				F138A0AA1973470B0022F7DE /* Json Files */,
				F138A0A9197345FD0022F7DE /* Swift Files */,
				F1985F681972231500277585 /* PLAppDelegate.h */,
				F1985F691972231500277585 /* PLAppDelegate.m */,
				F1985F6B1972231500277585 /* Main_iPhone.storyboard */,
				F1985F6E1972231500277585 /* Main_iPad.storyboard */,
				F1985F711972231500277585 /* PLViewController.h */,
				F1985F721972231500277585 /* PLViewController.m */,
				F1985F741972231500277585 /* Images.xcassets */,
				F138A0B21973514F0022F7DE /* ViewControllers */,
				F138A0AF19734E050022F7DE /* Images Files */,
				F1985F601972231500277585 /* Supporting Files */,
			);
			path = vdchecker;
			sourceTree = "<group>";
		};
		F1985F601972231500277585 /* Supporting Files */ = {
			isa = PBXGroup;
			children = (
				F1985F611972231500277585 /* vdchecker-Info.plist */,
				F1985F621972231500277585 /* InfoPlist.strings */,
				F1985F651972231500277585 /* main.m */,
				F1985F671972231500277585 /* vdchecker-Prefix.pch */,
			);
			name = "Supporting Files";
			sourceTree = "<group>";
		};
		F1985F811972231500277585 /* vdcheckerTests */ = {
			isa = PBXGroup;
			children = (
				F1985F871972231500277585 /* vdcheckerTests.m */,
				F1985F821972231500277585 /* Supporting Files */,
			);
			path = vdcheckerTests;
			sourceTree = "<group>";
		};
		F1985F821972231500277585 /* Supporting Files */ = {
			isa = PBXGroup;
			children = (
				F1985F831972231500277585 /* vdcheckerTests-Info.plist */,
				F1985F841972231500277585 /* InfoPlist.strings */,
			);
			name = "Supporting Files";
			sourceTree = "<group>";
		};
		F1985F911972234300277585 /* Site Files */ = {
			isa = PBXGroup;
			children = (
				F1985F921972235600277585 /* PageScrap.php */,
				F1985F931972235600277585 /* RemoteInfo */,
			);
			name = "Site Files";
			sourceTree = "<group>";
		};
/* End PBXGroup section */

/* Begin PBXNativeTarget section */
		F1985F551972231400277585 /* vdchecker */ = {
			isa = PBXNativeTarget;
			buildConfigurationList = F1985F8B1972231500277585 /* Build configuration list for PBXNativeTarget "vdchecker" */;
			buildPhases = (
				F1985F521972231400277585 /* Sources */,
				F1985F531972231400277585 /* Frameworks */,
				F1985F541972231400277585 /* Resources */,
			);
			buildRules = (
			);
			dependencies = (
			);
			name = vdchecker;
			productName = vdchecker;
			productReference = F1985F561972231400277585 /* vdchecker.app */;
			productType = "com.apple.product-type.application";
		};
		F1985F791972231500277585 /* vdcheckerTests */ = {
			isa = PBXNativeTarget;
			buildConfigurationList = F1985F8E1972231500277585 /* Build configuration list for PBXNativeTarget "vdcheckerTests" */;
			buildPhases = (
				F1985F761972231500277585 /* Sources */,
				F1985F771972231500277585 /* Frameworks */,
				F1985F781972231500277585 /* Resources */,
			);
			buildRules = (
			);
			dependencies = (
				F1985F801972231500277585 /* PBXTargetDependency */,
			);
			name = vdcheckerTests;
			productName = vdcheckerTests;
			productReference = F1985F7A1972231500277585 /* vdcheckerTests.xctest */;
			productType = "com.apple.product-type.bundle.unit-test";
		};
/* End PBXNativeTarget section */

/* Begin PBXProject section */
		F1985F4E1972231400277585 /* Project object */ = {
			isa = PBXProject;
			attributes = {
				CLASSPREFIX = PL;
				LastUpgradeCheck = 0510;
				ORGANIZATIONNAME = jgoplay;
				TargetAttributes = {
					F1985F791972231500277585 = {
						TestTargetID = F1985F551972231400277585;
					};
				};
			};
			buildConfigurationList = F1985F511972231400277585 /* Build configuration list for PBXProject "vdchecker" */;
			compatibilityVersion = "Xcode 3.2";
			developmentRegion = English;
			hasScannedForEncodings = 0;
			knownRegions = (
				en,
				Base,
			);
			mainGroup = F1985F4D1972231400277585;
			productRefGroup = F1985F571972231400277585 /* Products */;
			projectDirPath = "";
			projectRoot = "";
			targets = (
				F1985F551972231400277585 /* vdchecker */,
				F1985F791972231500277585 /* vdcheckerTests */,
			);
		};
/* End PBXProject section */

/* Begin PBXResourcesBuildPhase section */
		F1985F541972231400277585 /* Resources */ = {
			isa = PBXResourcesBuildPhase;
			buildActionMask = 2147483647;
			files = (
				F1985F951972235600277585 /* RemoteInfo in Resources */,
				F1985F701972231500277585 /* Main_iPad.storyboard in Resources */,
				F138A0BD1973534A0022F7DE /* top_4.png in Resources */,
				F1985F751972231500277585 /* Images.xcassets in Resources */,
				F1985F6D1972231500277585 /* Main_iPhone.storyboard in Resources */,
				F138A0AE19734AAB0022F7DE /* ill_Info in Resources */,
				F138A0B119734F000022F7DE /* top.png in Resources */,
				F138A0BB1973534A0022F7DE /* top_2.png in Resources */,
				F1985F641972231500277585 /* InfoPlist.strings in Resources */,
				F1985F941972235600277585 /* PageScrap.php in Resources */,
				F138A0BA1973534A0022F7DE /* top_1.png in Resources */,
				F138A0BC1973534A0022F7DE /* top_3.png in Resources */,
			);
			runOnlyForDeploymentPostprocessing = 0;
		};
		F1985F781972231500277585 /* Resources */ = {
			isa = PBXResourcesBuildPhase;
			buildActionMask = 2147483647;
			files = (
				F1985F861972231500277585 /* InfoPlist.strings in Resources */,
			);
			runOnlyForDeploymentPostprocessing = 0;
		};
/* End PBXResourcesBuildPhase section */

/* Begin PBXSourcesBuildPhase section */
		F1985F521972231400277585 /* Sources */ = {
			isa = PBXSourcesBuildPhase;
			buildActionMask = 2147483647;
			files = (
				F1985F6A1972231500277585 /* PLAppDelegate.m in Sources */,
				F138A0B51973519E0022F7DE /* PageContentViewController.m in Sources */,
				F1985F731972231500277585 /* PLViewController.m in Sources */,
				F1985F661972231500277585 /* main.m in Sources */,
			);
			runOnlyForDeploymentPostprocessing = 0;
		};
		F1985F761972231500277585 /* Sources */ = {
			isa = PBXSourcesBuildPhase;
			buildActionMask = 2147483647;
			files = (
				F1985F881972231500277585 /* vdcheckerTests.m in Sources */,
			);
			runOnlyForDeploymentPostprocessing = 0;
		};
/* End PBXSourcesBuildPhase section */

/* Begin PBXTargetDependency section */
		F1985F801972231500277585 /* PBXTargetDependency */ = {
			isa = PBXTargetDependency;
			target = F1985F551972231400277585 /* vdchecker */;
			targetProxy = F1985F7F1972231500277585 /* PBXContainerItemProxy */;
		};
/* End PBXTargetDependency section */

/* Begin PBXVariantGroup section */
		F1985F621972231500277585 /* InfoPlist.strings */ = {
			isa = PBXVariantGroup;
			children = (
				F1985F631972231500277585 /* en */,
			);
			name = InfoPlist.strings;
			sourceTree = "<group>";
		};
		F1985F6B1972231500277585 /* Main_iPhone.storyboard */ = {
			isa = PBXVariantGroup;
			children = (
				F1985F6C1972231500277585 /* Base */,
			);
			name = Main_iPhone.storyboard;
			sourceTree = "<group>";
		};
		F1985F6E1972231500277585 /* Main_iPad.storyboard */ = {
			isa = PBXVariantGroup;
			children = (
				F1985F6F1972231500277585 /* Base */,
			);
			name = Main_iPad.storyboard;
			sourceTree = "<group>";
		};
		F1985F841972231500277585 /* InfoPlist.strings */ = {
			isa = PBXVariantGroup;
			children = (
				F1985F851972231500277585 /* en */,
			);
			name = InfoPlist.strings;
			sourceTree = "<group>";
		};
/* End PBXVariantGroup section */

/* Begin XCBuildConfiguration section */
		F1985F891972231500277585 /* Debug */ = {
			isa = XCBuildConfiguration;
			buildSettings = {
				ALWAYS_SEARCH_USER_PATHS = NO;
				CLANG_CXX_LANGUAGE_STANDARD = "gnu++0x";
				CLANG_CXX_LIBRARY = "libc++";
				CLANG_ENABLE_MODULES = YES;
				CLANG_ENABLE_OBJC_ARC = YES;
				CLANG_WARN_BOOL_CONVERSION = YES;
				CLANG_WARN_CONSTANT_CONVERSION = YES;
				CLANG_WARN_DIRECT_OBJC_ISA_USAGE = YES_ERROR;
				CLANG_WARN_EMPTY_BODY = YES;
				CLANG_WARN_ENUM_CONVERSION = YES;
				CLANG_WARN_INT_CONVERSION = YES;
				CLANG_WARN_OBJC_ROOT_CLASS = YES_ERROR;
				CLANG_WARN__DUPLICATE_METHOD_MATCH = YES;
				"CODE_SIGN_IDENTITY[sdk=iphoneos*]" = "iPhone Developer";
				COPY_PHASE_STRIP = NO;
				GCC_C_LANGUAGE_STANDARD = gnu99;
				GCC_DYNAMIC_NO_PIC = NO;
				GCC_OPTIMIZATION_LEVEL = 0;
				GCC_PREPROCESSOR_DEFINITIONS = (
					"DEBUG=1",
					"$(inherited)",
				);
				GCC_SYMBOLS_PRIVATE_EXTERN = NO;
				GCC_WARN_64_TO_32_BIT_CONVERSION = YES;
				GCC_WARN_ABOUT_RETURN_TYPE = YES_ERROR;
				GCC_WARN_UNDECLARED_SELECTOR = YES;
				GCC_WARN_UNINITIALIZED_AUTOS = YES_AGGRESSIVE;
				GCC_WARN_UNUSED_FUNCTION = YES;
				GCC_WARN_UNUSED_VARIABLE = YES;
				IPHONEOS_DEPLOYMENT_TARGET = 7.1;
				ONLY_ACTIVE_ARCH = YES;
				SDKROOT = iphoneos;
				TARGETED_DEVICE_FAMILY = "1,2";
			};
			name = Debug;
		};
		F1985F8A1972231500277585 /* Release */ = {
			isa = XCBuildConfiguration;
			buildSettings = {
				ALWAYS_SEARCH_USER_PATHS = NO;
				CLANG_CXX_LANGUAGE_STANDARD = "gnu++0x";
				CLANG_CXX_LIBRARY = "libc++";
				CLANG_ENABLE_MODULES = YES;
				CLANG_ENABLE_OBJC_ARC = YES;
				CLANG_WARN_BOOL_CONVERSION = YES;
				CLANG_WARN_CONSTANT_CONVERSION = YES;
				CLANG_WARN_DIRECT_OBJC_ISA_USAGE = YES_ERROR;
				CLANG_WARN_EMPTY_BODY = YES;
				CLANG_WARN_ENUM_CONVERSION = YES;
				CLANG_WARN_INT_CONVERSION = YES;
				CLANG_WARN_OBJC_ROOT_CLASS = YES_ERROR;
				CLANG_WARN__DUPLICATE_METHOD_MATCH = YES;
				"CODE_SIGN_IDENTITY[sdk=iphoneos*]" = "iPhone Developer";
				COPY_PHASE_STRIP = YES;
				ENABLE_NS_ASSERTIONS = NO;
				GCC_C_LANGUAGE_STANDARD = gnu99;
				GCC_WARN_64_TO_32_BIT_CONVERSION = YES;
				GCC_WARN_ABOUT_RETURN_TYPE = YES_ERROR;
				GCC_WARN_UNDECLARED_SELECTOR = YES;
				GCC_WARN_UNINITIALIZED_AUTOS = YES_AGGRESSIVE;
				GCC_WARN_UNUSED_FUNCTION = YES;
				GCC_WARN_UNUSED_VARIABLE = YES;
				IPHONEOS_DEPLOYMENT_TARGET = 7.1;
				SDKROOT = iphoneos;
				TARGETED_DEVICE_FAMILY = "1,2";
				VALIDATE_PRODUCT = YES;
			};
			name = Release;
		};
		F1985F8C1972231500277585 /* Debug */ = {
			isa = XCBuildConfiguration;
			buildSettings = {
				ASSETCATALOG_COMPILER_APPICON_NAME = AppIcon;
				ASSETCATALOG_COMPILER_LAUNCHIMAGE_NAME = LaunchImage;
				GCC_PRECOMPILE_PREFIX_HEADER = YES;
				GCC_PREFIX_HEADER = "vdchecker/vdchecker-Prefix.pch";
				INFOPLIST_FILE = "vdchecker/vdchecker-Info.plist";
				PRODUCT_NAME = "$(TARGET_NAME)";
				WRAPPER_EXTENSION = app;
			};
			name = Debug;
		};
		F1985F8D1972231500277585 /* Release */ = {
			isa = XCBuildConfiguration;
			buildSettings = {
				ASSETCATALOG_COMPILER_APPICON_NAME = AppIcon;
				ASSETCATALOG_COMPILER_LAUNCHIMAGE_NAME = LaunchImage;
				GCC_PRECOMPILE_PREFIX_HEADER = YES;
				GCC_PREFIX_HEADER = "vdchecker/vdchecker-Prefix.pch";
				INFOPLIST_FILE = "vdchecker/vdchecker-Info.plist";
				PRODUCT_NAME = "$(TARGET_NAME)";
				WRAPPER_EXTENSION = app;
			};
			name = Release;
		};
		F1985F8F1972231500277585 /* Debug */ = {
			isa = XCBuildConfiguration;
			buildSettings = {
				BUNDLE_LOADER = "$(BUILT_PRODUCTS_DIR)/vdchecker.app/vdchecker";
				FRAMEWORK_SEARCH_PATHS = (
					"$(SDKROOT)/Developer/Library/Frameworks",
					"$(inherited)",
					"$(DEVELOPER_FRAMEWORKS_DIR)",
				);
				GCC_PRECOMPILE_PREFIX_HEADER = YES;
				GCC_PREFIX_HEADER = "vdchecker/vdchecker-Prefix.pch";
				GCC_PREPROCESSOR_DEFINITIONS = (
					"DEBUG=1",
					"$(inherited)",
				);
				INFOPLIST_FILE = "vdcheckerTests/vdcheckerTests-Info.plist";
				PRODUCT_NAME = "$(TARGET_NAME)";
				TEST_HOST = "$(BUNDLE_LOADER)";
				WRAPPER_EXTENSION = xctest;
			};
			name = Debug;
		};
		F1985F901972231500277585 /* Release */ = {
			isa = XCBuildConfiguration;
			buildSettings = {
				BUNDLE_LOADER = "$(BUILT_PRODUCTS_DIR)/vdchecker.app/vdchecker";
				FRAMEWORK_SEARCH_PATHS = (
					"$(SDKROOT)/Developer/Library/Frameworks",
					"$(inherited)",
					"$(DEVELOPER_FRAMEWORKS_DIR)",
				);
				GCC_PRECOMPILE_PREFIX_HEADER = YES;
				GCC_PREFIX_HEADER = "vdchecker/vdchecker-Prefix.pch";
				INFOPLIST_FILE = "vdcheckerTests/vdcheckerTests-Info.plist";
				PRODUCT_NAME = "$(TARGET_NAME)";
				TEST_HOST = "$(BUNDLE_LOADER)";
				WRAPPER_EXTENSION = xctest;
			};
			name = Release;
		};
/* End XCBuildConfiguration section */

/* Begin XCConfigurationList section */
		F1985F511972231400277585 /* Build configuration list for PBXProject "vdchecker" */ = {
			isa = XCConfigurationList;
			buildConfigurations = (
				F1985F891972231500277585 /* Debug */,
				F1985F8A1972231500277585 /* Release */,
			);
			defaultConfigurationIsVisible = 0;
			defaultConfigurationName = Release;
		};
		F1985F8B1972231500277585 /* Build configuration list for PBXNativeTarget "vdchecker" */ = {
			isa = XCConfigurationList;
			buildConfigurations = (
				F1985F8C1972231500277585 /* Debug */,
				F1985F8D1972231500277585 /* Release */,
			);
			defaultConfigurationIsVisible = 0;
			defaultConfigurationName = Release;
		};
		F1985F8E1972231500277585 /* Build configuration list for PBXNativeTarget "vdcheckerTests" */ = {
			isa = XCConfigurationList;
			buildConfigurations = (
				F1985F8F1972231500277585 /* Debug */,
				F1985F901972231500277585 /* Release */,
			);
			defaultConfigurationIsVisible = 0;
			defaultConfigurationName = Release;
		};
/* End XCConfigurationList section */
	};
	rootObject = F1985F4E1972231400277585 /* Project object */;
}
